
Microsoft Visual Studio Solution File, Format Version 12.00
Project("{FAE04EC0-301F-11D3-BF4B-00C04F79EFBC}") = "BigFileUpload", "BigFileUpload\BigFileUpload.csproj", "{6480CF0E-DBE8-402F-A639-15EFD1254F39}"
EndProject
Global
	GlobalSection(SolutionConfigurationPlatforms) = preSolution
		Debug|Any CPU = Debug|Any CPU
		Release|Any CPU = Release|Any CPU
	EndGlobalSection
	GlobalSection(ProjectConfigurationPlatforms) = postSolution
		{6480CF0E-DBE8-402F-A639-15EFD1254F39}.Debug|Any CPU.ActiveCfg = Debug|Any CPU
		{6480CF0E-DBE8-402F-A639-15EFD1254F39}.Debug|Any CPU.Build.0 = Debug|Any CPU
		{6480CF0E-DBE8-402F-A639-15EFD1254F39}.Release|Any CPU.ActiveCfg = Release|Any CPU
		{6480CF0E-DBE8-402F-A639-15EFD1254F39}.Release|Any CPU.Build.0 = Release|Any CPU
	EndGlobalSection
EndGlobal
